
Microsoft Visual Studio Solution File, Format Version 12.00
# Visual Studio Version 17
VisualStudioVersion = 17.4.33205.214
MinimumVisualStudioVersion = 10.0.40219.1
Project("{FAE04EC0-301F-11D3-BF4B-00C04F79EFBC}") = "rotacion", "rotacion\rotacion.csproj", "{F497CB80-224A-4270-B74F-99C2506F9425}"
EndProject
Global
	GlobalSection(SolutionConfigurationPlatforms) = preSolution
		Debug|Any CPU = Debug|Any CPU
		Release|Any CPU = Release|Any CPU
	EndGlobalSection
	GlobalSection(ProjectConfigurationPlatforms) = postSolution
		{F497CB80-224A-4270-B74F-99C2506F9425}.Debug|Any CPU.ActiveCfg = Debug|Any CPU
		{F497CB80-224A-4270-B74F-99C2506F9425}.Debug|Any CPU.Build.0 = Debug|Any CPU
		{F497CB80-224A-4270-B74F-99C2506F9425}.Release|Any CPU.ActiveCfg = Release|Any CPU
		{F497CB80-224A-4270-B74F-99C2506F9425}.Release|Any CPU.Build.0 = Release|Any CPU
	EndGlobalSection
	GlobalSection(SolutionProperties) = preSolution
		HideSolutionNode = FALSE
	EndGlobalSection
	GlobalSection(ExtensibilityGlobals) = postSolution
		SolutionGuid = {934D742A-D986-46BC-914F-72AC0173C218}
	EndGlobalSection
EndGlobal
